// !$*UTF8*$!
{
	archiveVersion = 1;
	classes = {
	};
	objectVersion = 48;
	objects = {

/* Begin PBXBuildFile section */
		14937C6D3EADCB3BAF5855FD /* Pods_PregBuddy_TweetsUITests.framework in Frameworks */ = {isa = PBXBuildFile; fileRef = D57AA427244F1E6AB95D870A /* Pods_PregBuddy_TweetsUITests.framework */; };
		5B197131204DCDF20068392F /* AppDelegate.swift in Sources */ = {isa = PBXBuildFile; fileRef = 5B197130204DCDF20068392F /* AppDelegate.swift */; };
		5B197133204DCDF20068392F /* ViewController.swift in Sources */ = {isa = PBXBuildFile; fileRef = 5B197132204DCDF20068392F /* ViewController.swift */; };
		5B197136204DCDF20068392F /* Main.storyboard in Resources */ = {isa = PBXBuildFile; fileRef = 5B197134204DCDF20068392F /* Main.storyboard */; };
		5B197139204DCDF20068392F /* PregBuddy_Tweets.xcdatamodeld in Sources */ = {isa = PBXBuildFile; fileRef = 5B197137204DCDF20068392F /* PregBuddy_Tweets.xcdatamodeld */; };
		5B19713B204DCDF20068392F /* Assets.xcassets in Resources */ = {isa = PBXBuildFile; fileRef = 5B19713A204DCDF20068392F /* Assets.xcassets */; };
		5B19713E204DCDF20068392F /* LaunchScreen.storyboard in Resources */ = {isa = PBXBuildFile; fileRef = 5B19713C204DCDF20068392F /* LaunchScreen.storyboard */; };
		5B197149204DCDF20068392F /* PregBuddy_TweetsTests.swift in Sources */ = {isa = PBXBuildFile; fileRef = 5B197148204DCDF20068392F /* PregBuddy_TweetsTests.swift */; };
		5B197154204DCDF20068392F /* PregBuddy_TweetsUITests.swift in Sources */ = {isa = PBXBuildFile; fileRef = 5B197153204DCDF20068392F /* PregBuddy_TweetsUITests.swift */; };
		5B197162204DD1C90068392F /* BookmarkViewController.swift in Sources */ = {isa = PBXBuildFile; fileRef = 5B197161204DD1C90068392F /* BookmarkViewController.swift */; };
		5B197164204DD5410068392F /* TweetCell.swift in Sources */ = {isa = PBXBuildFile; fileRef = 5B197163204DD5410068392F /* TweetCell.swift */; };
		5B197166204DD7ED0068392F /* Tweet + CoreDataClass.swift in Sources */ = {isa = PBXBuildFile; fileRef = 5B197165204DD7ED0068392F /* Tweet + CoreDataClass.swift */; };
		5B197168204DD8030068392F /* Tweet + CoreDataProperties.swift in Sources */ = {isa = PBXBuildFile; fileRef = 5B197167204DD8030068392F /* Tweet + CoreDataProperties.swift */; };
		5B19716B204DD9C30068392F /* Network.swift in Sources */ = {isa = PBXBuildFile; fileRef = 5B19716A204DD9C30068392F /* Network.swift */; };
		5B19716D204DEA400068392F /* CoredataStack.swift in Sources */ = {isa = PBXBuildFile; fileRef = 5B19716C204DEA400068392F /* CoredataStack.swift */; };
		5B197171204DEE2C0068392F /* NetworkReachability.swift in Sources */ = {isa = PBXBuildFile; fileRef = 5B197170204DEE2C0068392F /* NetworkReachability.swift */; };
		5B197176204E5D230068392F /* TweetDataProvider.swift in Sources */ = {isa = PBXBuildFile; fileRef = 5B197175204E5D230068392F /* TweetDataProvider.swift */; };
		5B197178204E66C20068392F /* TweetPredicates.swift in Sources */ = {isa = PBXBuildFile; fileRef = 5B197177204E66C20068392F /* TweetPredicates.swift */; };
		5B6CD4C0204EB0E100EA5169 /* XCUIApplication+Tweet.swift in Sources */ = {isa = PBXBuildFile; fileRef = 5B6CD4BF204EB0E100EA5169 /* XCUIApplication+Tweet.swift */; };
		5B6CD4C2204EB0F800EA5169 /* XCUIApplication+Bookmark.swift in Sources */ = {isa = PBXBuildFile; fileRef = 5B6CD4C1204EB0F800EA5169 /* XCUIApplication+Bookmark.swift */; };
		5BCBEF7A204EAA8500533D9C /* TweetSortDescriptors.swift in Sources */ = {isa = PBXBuildFile; fileRef = 5BCBEF79204EAA8500533D9C /* TweetSortDescriptors.swift */; };
		5BCBEF7C204EAAC000533D9C /* Utilities.swift in Sources */ = {isa = PBXBuildFile; fileRef = 5BCBEF7B204EAAC000533D9C /* Utilities.swift */; };
		697BD50069BD67A281C66605 /* Pods_PregBuddy_Tweets.framework in Frameworks */ = {isa = PBXBuildFile; fileRef = 7D122CB664987FBCD5C83505 /* Pods_PregBuddy_Tweets.framework */; };
		ECED0145EB6698F0B683BAD2 /* Pods_PregBuddy_TweetsTests.framework in Frameworks */ = {isa = PBXBuildFile; fileRef = F42446C188CE06B4DB87812A /* Pods_PregBuddy_TweetsTests.framework */; };
/* End PBXBuildFile section */

/* Begin PBXContainerItemProxy section */
		5B197145204DCDF20068392F /* PBXContainerItemProxy */ = {
			isa = PBXContainerItemProxy;
			containerPortal = 5B197125204DCDF20068392F /* Project object */;
			proxyType = 1;
			remoteGlobalIDString = 5B19712C204DCDF20068392F;
			remoteInfo = "PregBuddy Tweets";
		};
		5B197150204DCDF20068392F /* PBXContainerItemProxy */ = {
			isa = PBXContainerItemProxy;
			containerPortal = 5B197125204DCDF20068392F /* Project object */;
			proxyType = 1;
			remoteGlobalIDString = 5B19712C204DCDF20068392F;
			remoteInfo = "PregBuddy Tweets";
		};
/* End PBXContainerItemProxy section */

/* Begin PBXFileReference section */
		2FB60B52CC2A78F6AE434258 /* Pods-PregBuddy TweetsUITests.debug.xcconfig */ = {isa = PBXFileReference; includeInIndex = 1; lastKnownFileType = text.xcconfig; name = "Pods-PregBuddy TweetsUITests.debug.xcconfig"; path = "Pods/Target Support Files/Pods-PregBuddy TweetsUITests/Pods-PregBuddy TweetsUITests.debug.xcconfig"; sourceTree = "<group>"; };
		3C0EC2F8A29C2628037A6343 /* Pods-PregBuddy TweetsTests.debug.xcconfig */ = {isa = PBXFileReference; includeInIndex = 1; lastKnownFileType = text.xcconfig; name = "Pods-PregBuddy TweetsTests.debug.xcconfig"; path = "Pods/Target Support Files/Pods-PregBuddy TweetsTests/Pods-PregBuddy TweetsTests.debug.xcconfig"; sourceTree = "<group>"; };
		5B19712D204DCDF20068392F /* PregBuddy Tweets.app */ = {isa = PBXFileReference; explicitFileType = wrapper.application; includeInIndex = 0; path = "PregBuddy Tweets.app"; sourceTree = BUILT_PRODUCTS_DIR; };
		5B197130204DCDF20068392F /* AppDelegate.swift */ = {isa = PBXFileReference; lastKnownFileType = sourcecode.swift; path = AppDelegate.swift; sourceTree = "<group>"; };
		5B197132204DCDF20068392F /* ViewController.swift */ = {isa = PBXFileReference; lastKnownFileType = sourcecode.swift; path = ViewController.swift; sourceTree = "<group>"; };
		5B197135204DCDF20068392F /* Base */ = {isa = PBXFileReference; lastKnownFileType = file.storyboard; name = Base; path = Base.lproj/Main.storyboard; sourceTree = "<group>"; };
		5B197138204DCDF20068392F /* PregBuddy_Tweets.xcdatamodel */ = {isa = PBXFileReference; lastKnownFileType = wrapper.xcdatamodel; path = PregBuddy_Tweets.xcdatamodel; sourceTree = "<group>"; };
		5B19713A204DCDF20068392F /* Assets.xcassets */ = {isa = PBXFileReference; lastKnownFileType = folder.assetcatalog; path = Assets.xcassets; sourceTree = "<group>"; };
		5B19713D204DCDF20068392F /* Base */ = {isa = PBXFileReference; lastKnownFileType = file.storyboard; name = Base; path = Base.lproj/LaunchScreen.storyboard; sourceTree = "<group>"; };
		5B19713F204DCDF20068392F /* Info.plist */ = {isa = PBXFileReference; lastKnownFileType = text.plist.xml; path = Info.plist; sourceTree = "<group>"; };
		5B197144204DCDF20068392F /* PregBuddy TweetsTests.xctest */ = {isa = PBXFileReference; explicitFileType = wrapper.cfbundle; includeInIndex = 0; path = "PregBuddy TweetsTests.xctest"; sourceTree = BUILT_PRODUCTS_DIR; };
		5B197148204DCDF20068392F /* PregBuddy_TweetsTests.swift */ = {isa = PBXFileReference; lastKnownFileType = sourcecode.swift; path = PregBuddy_TweetsTests.swift; sourceTree = "<group>"; };
		5B19714A204DCDF20068392F /* Info.plist */ = {isa = PBXFileReference; lastKnownFileType = text.plist.xml; path = Info.plist; sourceTree = "<group>"; };
		5B19714F204DCDF20068392F /* PregBuddy TweetsUITests.xctest */ = {isa = PBXFileReference; explicitFileType = wrapper.cfbundle; includeInIndex = 0; path = "PregBuddy TweetsUITests.xctest"; sourceTree = BUILT_PRODUCTS_DIR; };
		5B197153204DCDF20068392F /* PregBuddy_TweetsUITests.swift */ = {isa = PBXFileReference; lastKnownFileType = sourcecode.swift; path = PregBuddy_TweetsUITests.swift; sourceTree = "<group>"; };
		5B197155204DCDF20068392F /* Info.plist */ = {isa = PBXFileReference; lastKnownFileType = text.plist.xml; path = Info.plist; sourceTree = "<group>"; };
		5B197161204DD1C90068392F /* BookmarkViewController.swift */ = {isa = PBXFileReference; lastKnownFileType = sourcecode.swift; path = BookmarkViewController.swift; sourceTree = "<group>"; };
		5B197163204DD5410068392F /* TweetCell.swift */ = {isa = PBXFileReference; lastKnownFileType = sourcecode.swift; path = TweetCell.swift; sourceTree = "<group>"; };
		5B197165204DD7ED0068392F /* Tweet + CoreDataClass.swift */ = {isa = PBXFileReference; lastKnownFileType = sourcecode.swift; path = "Tweet + CoreDataClass.swift"; sourceTree = "<group>"; };
		5B197167204DD8030068392F /* Tweet + CoreDataProperties.swift */ = {isa = PBXFileReference; lastKnownFileType = sourcecode.swift; path = "Tweet + CoreDataProperties.swift"; sourceTree = "<group>"; };
		5B19716A204DD9C30068392F /* Network.swift */ = {isa = PBXFileReference; lastKnownFileType = sourcecode.swift; path = Network.swift; sourceTree = "<group>"; };
		5B19716C204DEA400068392F /* CoredataStack.swift */ = {isa = PBXFileReference; lastKnownFileType = sourcecode.swift; path = CoredataStack.swift; sourceTree = "<group>"; };
		5B197170204DEE2C0068392F /* NetworkReachability.swift */ = {isa = PBXFileReference; lastKnownFileType = sourcecode.swift; path = NetworkReachability.swift; sourceTree = "<group>"; };
		5B197175204E5D230068392F /* TweetDataProvider.swift */ = {isa = PBXFileReference; lastKnownFileType = sourcecode.swift; path = TweetDataProvider.swift; sourceTree = "<group>"; };
		5B197177204E66C20068392F /* TweetPredicates.swift */ = {isa = PBXFileReference; lastKnownFileType = sourcecode.swift; path = TweetPredicates.swift; sourceTree = "<group>"; };
		5B6CD4BF204EB0E100EA5169 /* XCUIApplication+Tweet.swift */ = {isa = PBXFileReference; lastKnownFileType = sourcecode.swift; path = "XCUIApplication+Tweet.swift"; sourceTree = "<group>"; };
		5B6CD4C1204EB0F800EA5169 /* XCUIApplication+Bookmark.swift */ = {isa = PBXFileReference; lastKnownFileType = sourcecode.swift; path = "XCUIApplication+Bookmark.swift"; sourceTree = "<group>"; };
		5BCBEF79204EAA8500533D9C /* TweetSortDescriptors.swift */ = {isa = PBXFileReference; lastKnownFileType = sourcecode.swift; path = TweetSortDescriptors.swift; sourceTree = "<group>"; };
		5BCBEF7B204EAAC000533D9C /* Utilities.swift */ = {isa = PBXFileReference; lastKnownFileType = sourcecode.swift; path = Utilities.swift; sourceTree = "<group>"; };
		702EBA55592D12169ED68101 /* Pods-PregBuddy Tweets.debug.xcconfig */ = {isa = PBXFileReference; includeInIndex = 1; lastKnownFileType = text.xcconfig; name = "Pods-PregBuddy Tweets.debug.xcconfig"; path = "Pods/Target Support Files/Pods-PregBuddy Tweets/Pods-PregBuddy Tweets.debug.xcconfig"; sourceTree = "<group>"; };
		7D122CB664987FBCD5C83505 /* Pods_PregBuddy_Tweets.framework */ = {isa = PBXFileReference; explicitFileType = wrapper.framework; includeInIndex = 0; path = Pods_PregBuddy_Tweets.framework; sourceTree = BUILT_PRODUCTS_DIR; };
		8C9FE7128EAED93BF4E893E2 /* Pods-PregBuddy TweetsTests.release.xcconfig */ = {isa = PBXFileReference; includeInIndex = 1; lastKnownFileType = text.xcconfig; name = "Pods-PregBuddy TweetsTests.release.xcconfig"; path = "Pods/Target Support Files/Pods-PregBuddy TweetsTests/Pods-PregBuddy TweetsTests.release.xcconfig"; sourceTree = "<group>"; };
		D2475ABE1C9E4E94B698F68E /* Pods-PregBuddy TweetsUITests.release.xcconfig */ = {isa = PBXFileReference; includeInIndex = 1; lastKnownFileType = text.xcconfig; name = "Pods-PregBuddy TweetsUITests.release.xcconfig"; path = "Pods/Target Support Files/Pods-PregBuddy TweetsUITests/Pods-PregBuddy TweetsUITests.release.xcconfig"; sourceTree = "<group>"; };
		D57AA427244F1E6AB95D870A /* Pods_PregBuddy_TweetsUITests.framework */ = {isa = PBXFileReference; explicitFileType = wrapper.framework; includeInIndex = 0; path = Pods_PregBuddy_TweetsUITests.framework; sourceTree = BUILT_PRODUCTS_DIR; };
		F42446C188CE06B4DB87812A /* Pods_PregBuddy_TweetsTests.framework */ = {isa = PBXFileReference; explicitFileType = wrapper.framework; includeInIndex = 0; path = Pods_PregBuddy_TweetsTests.framework; sourceTree = BUILT_PRODUCTS_DIR; };
		FFE04B98475B3FF138487C78 /* Pods-PregBuddy Tweets.release.xcconfig */ = {isa = PBXFileReference; includeInIndex = 1; lastKnownFileType = text.xcconfig; name = "Pods-PregBuddy Tweets.release.xcconfig"; path = "Pods/Target Support Files/Pods-PregBuddy Tweets/Pods-PregBuddy Tweets.release.xcconfig"; sourceTree = "<group>"; };
/* End PBXFileReference section */

/* Begin PBXFrameworksBuildPhase section */
		5B19712A204DCDF20068392F /* Frameworks */ = {
			isa = PBXFrameworksBuildPhase;
			buildActionMask = 2147483647;
			files = (
				697BD50069BD67A281C66605 /* Pods_PregBuddy_Tweets.framework in Frameworks */,
			);
			runOnlyForDeploymentPostprocessing = 0;
		};
		5B197141204DCDF20068392F /* Frameworks */ = {
			isa = PBXFrameworksBuildPhase;
			buildActionMask = 2147483647;
			files = (
				ECED0145EB6698F0B683BAD2 /* Pods_PregBuddy_TweetsTests.framework in Frameworks */,
			);
			runOnlyForDeploymentPostprocessing = 0;
		};
		5B19714C204DCDF20068392F /* Frameworks */ = {
			isa = PBXFrameworksBuildPhase;
			buildActionMask = 2147483647;
			files = (
				14937C6D3EADCB3BAF5855FD /* Pods_PregBuddy_TweetsUITests.framework in Frameworks */,
			);
			runOnlyForDeploymentPostprocessing = 0;
		};
/* End PBXFrameworksBuildPhase section */

/* Begin PBXGroup section */
		1537D93516AC18E90A1767B8 /* Frameworks */ = {
			isa = PBXGroup;
			children = (
				7D122CB664987FBCD5C83505 /* Pods_PregBuddy_Tweets.framework */,
				F42446C188CE06B4DB87812A /* Pods_PregBuddy_TweetsTests.framework */,
				D57AA427244F1E6AB95D870A /* Pods_PregBuddy_TweetsUITests.framework */,
			);
			name = Frameworks;
			sourceTree = "<group>";
		};
		25631711A79576868F529C1F /* Pods */ = {
			isa = PBXGroup;
			children = (
				702EBA55592D12169ED68101 /* Pods-PregBuddy Tweets.debug.xcconfig */,
				FFE04B98475B3FF138487C78 /* Pods-PregBuddy Tweets.release.xcconfig */,
				3C0EC2F8A29C2628037A6343 /* Pods-PregBuddy TweetsTests.debug.xcconfig */,
				8C9FE7128EAED93BF4E893E2 /* Pods-PregBuddy TweetsTests.release.xcconfig */,
				2FB60B52CC2A78F6AE434258 /* Pods-PregBuddy TweetsUITests.debug.xcconfig */,
				D2475ABE1C9E4E94B698F68E /* Pods-PregBuddy TweetsUITests.release.xcconfig */,
			);
			name = Pods;
			sourceTree = "<group>";
		};
		5B197124204DCDF20068392F = {
			isa = PBXGroup;
			children = (
				5B19712F204DCDF20068392F /* PregBuddy Tweets */,
				5B197147204DCDF20068392F /* PregBuddy TweetsTests */,
				5B197152204DCDF20068392F /* PregBuddy TweetsUITests */,
				5B19712E204DCDF20068392F /* Products */,
				25631711A79576868F529C1F /* Pods */,
				1537D93516AC18E90A1767B8 /* Frameworks */,
			);
			sourceTree = "<group>";
		};
		5B19712E204DCDF20068392F /* Products */ = {
			isa = PBXGroup;
			children = (
				5B19712D204DCDF20068392F /* PregBuddy Tweets.app */,
				5B197144204DCDF20068392F /* PregBuddy TweetsTests.xctest */,
				5B19714F204DCDF20068392F /* PregBuddy TweetsUITests.xctest */,
			);
			name = Products;
			sourceTree = "<group>";
		};
		5B19712F204DCDF20068392F /* PregBuddy Tweets */ = {
			isa = PBXGroup;
			children = (
				5B197130204DCDF20068392F /* AppDelegate.swift */,
				5B197132204DCDF20068392F /* ViewController.swift */,
				5B197134204DCDF20068392F /* Main.storyboard */,
				5B19713A204DCDF20068392F /* Assets.xcassets */,
				5B19713C204DCDF20068392F /* LaunchScreen.storyboard */,
				5B19713F204DCDF20068392F /* Info.plist */,
				5B197137204DCDF20068392F /* PregBuddy_Tweets.xcdatamodeld */,
				5B197161204DD1C90068392F /* BookmarkViewController.swift */,
				5B197163204DD5410068392F /* TweetCell.swift */,
				5B197169204DD8090068392F /* Model */,
				5B197172204DEE320068392F /* Network */,
				5BCBEF7B204EAAC000533D9C /* Utilities.swift */,
			);
			path = "PregBuddy Tweets";
			sourceTree = "<group>";
		};
		5B197147204DCDF20068392F /* PregBuddy TweetsTests */ = {
			isa = PBXGroup;
			children = (
				5B197148204DCDF20068392F /* PregBuddy_TweetsTests.swift */,
				5B19714A204DCDF20068392F /* Info.plist */,
			);
			path = "PregBuddy TweetsTests";
			sourceTree = "<group>";
		};
		5B197152204DCDF20068392F /* PregBuddy TweetsUITests */ = {
			isa = PBXGroup;
			children = (
				5B197153204DCDF20068392F /* PregBuddy_TweetsUITests.swift */,
				5B197155204DCDF20068392F /* Info.plist */,
				5B6CD4BF204EB0E100EA5169 /* XCUIApplication+Tweet.swift */,
				5B6CD4C1204EB0F800EA5169 /* XCUIApplication+Bookmark.swift */,
			);
			path = "PregBuddy TweetsUITests";
			sourceTree = "<group>";
		};
		5B197169204DD8090068392F /* Model */ = {
			isa = PBXGroup;
			children = (
				5B197165204DD7ED0068392F /* Tweet + CoreDataClass.swift */,
				5B197167204DD8030068392F /* Tweet + CoreDataProperties.swift */,
				5B19716C204DEA400068392F /* CoredataStack.swift */,
				5B197175204E5D230068392F /* TweetDataProvider.swift */,
				5B197177204E66C20068392F /* TweetPredicates.swift */,
				5BCBEF79204EAA8500533D9C /* TweetSortDescriptors.swift */,
			);
			path = Model;
			sourceTree = "<group>";
		};
		5B197172204DEE320068392F /* Network */ = {
			isa = PBXGroup;
			children = (
				5B19716A204DD9C30068392F /* Network.swift */,
				5B197170204DEE2C0068392F /* NetworkReachability.swift */,
			);
			path = Network;
			sourceTree = "<group>";
		};
/* End PBXGroup section */

/* Begin PBXNativeTarget section */
		5B19712C204DCDF20068392F /* PregBuddy Tweets */ = {
			isa = PBXNativeTarget;
			buildConfigurationList = 5B197158204DCDF20068392F /* Build configuration list for PBXNativeTarget "PregBuddy Tweets" */;
			buildPhases = (
				29567A418B13EB5BF2F42BB0 /* [CP] Check Pods Manifest.lock */,
				5B197129204DCDF20068392F /* Sources */,
				5B19712A204DCDF20068392F /* Frameworks */,
				5B19712B204DCDF20068392F /* Resources */,
				78BC398326C47FEDB0E6583B /* [CP] Embed Pods Frameworks */,
				DCC09CF9ADE68ACF30B9BCEA /* [CP] Copy Pods Resources */,
			);
			buildRules = (
			);
			dependencies = (
			);
			name = "PregBuddy Tweets";
			productName = "PregBuddy Tweets";
			productReference = 5B19712D204DCDF20068392F /* PregBuddy Tweets.app */;
			productType = "com.apple.product-type.application";
		};
		5B197143204DCDF20068392F /* PregBuddy TweetsTests */ = {
			isa = PBXNativeTarget;
			buildConfigurationList = 5B19715B204DCDF20068392F /* Build configuration list for PBXNativeTarget "PregBuddy TweetsTests" */;
			buildPhases = (
				CBD3FB4BD2B41D5CFD54875C /* [CP] Check Pods Manifest.lock */,
				5B197140204DCDF20068392F /* Sources */,
				5B197141204DCDF20068392F /* Frameworks */,
				5B197142204DCDF20068392F /* Resources */,
				F1E6B13938F70A64F4D53E1C /* [CP] Embed Pods Frameworks */,
				D363C0DCC9C5B150BD6FC066 /* [CP] Copy Pods Resources */,
			);
			buildRules = (
			);
			dependencies = (
				5B197146204DCDF20068392F /* PBXTargetDependency */,
			);
			name = "PregBuddy TweetsTests";
			productName = "PregBuddy TweetsTests";
			productReference = 5B197144204DCDF20068392F /* PregBuddy TweetsTests.xctest */;
			productType = "com.apple.product-type.bundle.unit-test";
		};
		5B19714E204DCDF20068392F /* PregBuddy TweetsUITests */ = {
			isa = PBXNativeTarget;
			buildConfigurationList = 5B19715E204DCDF20068392F /* Build configuration list for PBXNativeTarget "PregBuddy TweetsUITests" */;
			buildPhases = (
				EFDAC0364F31C37B3D5C217A /* [CP] Check Pods Manifest.lock */,
				5B19714B204DCDF20068392F /* Sources */,
				5B19714C204DCDF20068392F /* Frameworks */,
				5B19714D204DCDF20068392F /* Resources */,
				80527A7410D758B4CDCE1805 /* [CP] Embed Pods Frameworks */,
				F48D7A9ED2C2084D6C5A9296 /* [CP] Copy Pods Resources */,
			);
			buildRules = (
			);
			dependencies = (
				5B197151204DCDF20068392F /* PBXTargetDependency */,
			);
			name = "PregBuddy TweetsUITests";
			productName = "PregBuddy TweetsUITests";
			productReference = 5B19714F204DCDF20068392F /* PregBuddy TweetsUITests.xctest */;
			productType = "com.apple.product-type.bundle.ui-testing";
		};
/* End PBXNativeTarget section */

/* Begin PBXProject section */
		5B197125204DCDF20068392F /* Project object */ = {
			isa = PBXProject;
			attributes = {
				LastSwiftUpdateCheck = 0920;
				LastUpgradeCheck = 0920;
				ORGANIZATIONNAME = "Ashiq Sulaiman";
				TargetAttributes = {
					5B19712C204DCDF20068392F = {
						CreatedOnToolsVersion = 9.2;
						ProvisioningStyle = Automatic;
					};
					5B197143204DCDF20068392F = {
						CreatedOnToolsVersion = 9.2;
						ProvisioningStyle = Automatic;
						TestTargetID = 5B19712C204DCDF20068392F;
					};
					5B19714E204DCDF20068392F = {
						CreatedOnToolsVersion = 9.2;
						ProvisioningStyle = Automatic;
						TestTargetID = 5B19712C204DCDF20068392F;
					};
				};
			};
			buildConfigurationList = 5B197128204DCDF20068392F /* Build configuration list for PBXProject "PregBuddy Tweets" */;
			compatibilityVersion = "Xcode 8.0";
			developmentRegion = en;
			hasScannedForEncodings = 0;
			knownRegions = (
				en,
				Base,
			);
			mainGroup = 5B197124204DCDF20068392F;
			productRefGroup = 5B19712E204DCDF20068392F /* Products */;
			projectDirPath = "";
			projectRoot = "";
			targets = (
				5B19712C204DCDF20068392F /* PregBuddy Tweets */,
				5B197143204DCDF20068392F /* PregBuddy TweetsTests */,
				5B19714E204DCDF20068392F /* PregBuddy TweetsUITests */,
			);
		};
/* End PBXProject section */

/* Begin PBXResourcesBuildPhase section */
		5B19712B204DCDF20068392F /* Resources */ = {
			isa = PBXResourcesBuildPhase;
			buildActionMask = 2147483647;
			files = (
				5B19713E204DCDF20068392F /* LaunchScreen.storyboard in Resources */,
				5B19713B204DCDF20068392F /* Assets.xcassets in Resources */,
				5B197136204DCDF20068392F /* Main.storyboard in Resources */,
			);
			runOnlyForDeploymentPostprocessing = 0;
		};
		5B197142204DCDF20068392F /* Resources */ = {
			isa = PBXResourcesBuildPhase;
			buildActionMask = 2147483647;
			files = (
			);
			runOnlyForDeploymentPostprocessing = 0;
		};
		5B19714D204DCDF20068392F /* Resources */ = {
			isa = PBXResourcesBuildPhase;
			buildActionMask = 2147483647;
			files = (
			);
			runOnlyForDeploymentPostprocessing = 0;
		};
/* End PBXResourcesBuildPhase section */

/* Begin PBXShellScriptBuildPhase section */
		29567A418B13EB5BF2F42BB0 /* [CP] Check Pods Manifest.lock */ = {
			isa = PBXShellScriptBuildPhase;
			buildActionMask = 2147483647;
			files = (
			);
			inputPaths = (
				"${PODS_PODFILE_DIR_PATH}/Podfile.lock",
				"${PODS_ROOT}/Manifest.lock",
			);
			name = "[CP] Check Pods Manifest.lock";
			outputPaths = (
				"$(DERIVED_FILE_DIR)/Pods-PregBuddy Tweets-checkManifestLockResult.txt",
			);
			runOnlyForDeploymentPostprocessing = 0;
			shellPath = /bin/sh;
			shellScript = "diff \"${PODS_PODFILE_DIR_PATH}/Podfile.lock\" \"${PODS_ROOT}/Manifest.lock\" > /dev/null\nif [ $? != 0 ] ; then\n    # print error to STDERR\n    echo \"error: The sandbox is not in sync with the Podfile.lock. Run 'pod install' or update your CocoaPods installation.\" >&2\n    exit 1\nfi\n# This output is used by Xcode 'outputs' to avoid re-running this script phase.\necho \"SUCCESS\" > \"${SCRIPT_OUTPUT_FILE_0}\"\n";
			showEnvVarsInLog = 0;
		};
		78BC398326C47FEDB0E6583B /* [CP] Embed Pods Frameworks */ = {
			isa = PBXShellScriptBuildPhase;
			buildActionMask = 2147483647;
			files = (
			);
			inputPaths = (
				"${SRCROOT}/Pods/Target Support Files/Pods-PregBuddy Tweets/Pods-PregBuddy Tweets-frameworks.sh",
				"${BUILT_PRODUCTS_DIR}/Alamofire/Alamofire.framework",
				"${BUILT_PRODUCTS_DIR}/SwiftyJSON/SwiftyJSON.framework",
				"${BUILT_PRODUCTS_DIR}/Toaster/Toaster.framework",
			);
			name = "[CP] Embed Pods Frameworks";
			outputPaths = (
				"${TARGET_BUILD_DIR}/${FRAMEWORKS_FOLDER_PATH}/Alamofire.framework",
				"${TARGET_BUILD_DIR}/${FRAMEWORKS_FOLDER_PATH}/SwiftyJSON.framework",
				"${TARGET_BUILD_DIR}/${FRAMEWORKS_FOLDER_PATH}/Toaster.framework",
			);
			runOnlyForDeploymentPostprocessing = 0;
			shellPath = /bin/sh;
			shellScript = "\"${SRCROOT}/Pods/Target Support Files/Pods-PregBuddy Tweets/Pods-PregBuddy Tweets-frameworks.sh\"\n";
			showEnvVarsInLog = 0;
		};
		80527A7410D758B4CDCE1805 /* [CP] Embed Pods Frameworks */ = {
			isa = PBXShellScriptBuildPhase;
			buildActionMask = 2147483647;
			files = (
			);
			inputPaths = (
				"${SRCROOT}/Pods/Target Support Files/Pods-PregBuddy TweetsUITests/Pods-PregBuddy TweetsUITests-frameworks.sh",
				"${BUILT_PRODUCTS_DIR}/Alamofire/Alamofire.framework",
				"${BUILT_PRODUCTS_DIR}/SwiftyJSON/SwiftyJSON.framework",
				"${BUILT_PRODUCTS_DIR}/Toaster/Toaster.framework",
			);
			name = "[CP] Embed Pods Frameworks";
			outputPaths = (
				"${TARGET_BUILD_DIR}/${FRAMEWORKS_FOLDER_PATH}/Alamofire.framework",
				"${TARGET_BUILD_DIR}/${FRAMEWORKS_FOLDER_PATH}/SwiftyJSON.framework",
				"${TARGET_BUILD_DIR}/${FRAMEWORKS_FOLDER_PATH}/Toaster.framework",
			);
			runOnlyForDeploymentPostprocessing = 0;
			shellPath = /bin/sh;
			shellScript = "\"${SRCROOT}/Pods/Target Support Files/Pods-PregBuddy TweetsUITests/Pods-PregBuddy TweetsUITests-frameworks.sh\"\n";
			showEnvVarsInLog = 0;
		};
		CBD3FB4BD2B41D5CFD54875C /* [CP] Check Pods Manifest.lock */ = {
			isa = PBXShellScriptBuildPhase;
			buildActionMask = 2147483647;
			files = (
			);
			inputPaths = (
				"${PODS_PODFILE_DIR_PATH}/Podfile.lock",
				"${PODS_ROOT}/Manifest.lock",
			);
			name = "[CP] Check Pods Manifest.lock";
			outputPaths = (
				"$(DERIVED_FILE_DIR)/Pods-PregBuddy TweetsTests-checkManifestLockResult.txt",
			);
			runOnlyForDeploymentPostprocessing = 0;
			shellPath = /bin/sh;
			shellScript = "diff \"${PODS_PODFILE_DIR_PATH}/Podfile.lock\" \"${PODS_ROOT}/Manifest.lock\" > /dev/null\nif [ $? != 0 ] ; then\n    # print error to STDERR\n    echo \"error: The sandbox is not in sync with the Podfile.lock. Run 'pod install' or update your CocoaPods installation.\" >&2\n    exit 1\nfi\n# This output is used by Xcode 'outputs' to avoid re-running this script phase.\necho \"SUCCESS\" > \"${SCRIPT_OUTPUT_FILE_0}\"\n";
			showEnvVarsInLog = 0;
		};
		D363C0DCC9C5B150BD6FC066 /* [CP] Copy Pods Resources */ = {
			isa = PBXShellScriptBuildPhase;
			buildActionMask = 2147483647;
			files = (
			);
			inputPaths = (
			);
			name = "[CP] Copy Pods Resources";
			outputPaths = (
			);
			runOnlyForDeploymentPostprocessing = 0;
			shellPath = /bin/sh;
			shellScript = "\"${SRCROOT}/Pods/Target Support Files/Pods-PregBuddy TweetsTests/Pods-PregBuddy TweetsTests-resources.sh\"\n";
			showEnvVarsInLog = 0;
		};
		DCC09CF9ADE68ACF30B9BCEA /* [CP] Copy Pods Resources */ = {
			isa = PBXShellScriptBuildPhase;
			buildActionMask = 2147483647;
			files = (
			);
			inputPaths = (
			);
			name = "[CP] Copy Pods Resources";
			outputPaths = (
			);
			runOnlyForDeploymentPostprocessing = 0;
			shellPath = /bin/sh;
			shellScript = "\"${SRCROOT}/Pods/Target Support Files/Pods-PregBuddy Tweets/Pods-PregBuddy Tweets-resources.sh\"\n";
			showEnvVarsInLog = 0;
		};
		EFDAC0364F31C37B3D5C217A /* [CP] Check Pods Manifest.lock */ = {
			isa = PBXShellScriptBuildPhase;
			buildActionMask = 2147483647;
			files = (
			);
			inputPaths = (
				"${PODS_PODFILE_DIR_PATH}/Podfile.lock",
				"${PODS_ROOT}/Manifest.lock",
			);
			name = "[CP] Check Pods Manifest.lock";
			outputPaths = (
				"$(DERIVED_FILE_DIR)/Pods-PregBuddy TweetsUITests-checkManifestLockResult.txt",
			);
			runOnlyForDeploymentPostprocessing = 0;
			shellPath = /bin/sh;
			shellScript = "diff \"${PODS_PODFILE_DIR_PATH}/Podfile.lock\" \"${PODS_ROOT}/Manifest.lock\" > /dev/null\nif [ $? != 0 ] ; then\n    # print error to STDERR\n    echo \"error: The sandbox is not in sync with the Podfile.lock. Run 'pod install' or update your CocoaPods installation.\" >&2\n    exit 1\nfi\n# This output is used by Xcode 'outputs' to avoid re-running this script phase.\necho \"SUCCESS\" > \"${SCRIPT_OUTPUT_FILE_0}\"\n";
			showEnvVarsInLog = 0;
		};
		F1E6B13938F70A64F4D53E1C /* [CP] Embed Pods Frameworks */ = {
			isa = PBXShellScriptBuildPhase;
			buildActionMask = 2147483647;
			files = (
			);
			inputPaths = (
				"${SRCROOT}/Pods/Target Support Files/Pods-PregBuddy TweetsTests/Pods-PregBuddy TweetsTests-frameworks.sh",
				"${BUILT_PRODUCTS_DIR}/Alamofire/Alamofire.framework",
				"${BUILT_PRODUCTS_DIR}/SwiftyJSON/SwiftyJSON.framework",
				"${BUILT_PRODUCTS_DIR}/Toaster/Toaster.framework",
			);
			name = "[CP] Embed Pods Frameworks";
			outputPaths = (
				"${TARGET_BUILD_DIR}/${FRAMEWORKS_FOLDER_PATH}/Alamofire.framework",
				"${TARGET_BUILD_DIR}/${FRAMEWORKS_FOLDER_PATH}/SwiftyJSON.framework",
				"${TARGET_BUILD_DIR}/${FRAMEWORKS_FOLDER_PATH}/Toaster.framework",
			);
			runOnlyForDeploymentPostprocessing = 0;
			shellPath = /bin/sh;
			shellScript = "\"${SRCROOT}/Pods/Target Support Files/Pods-PregBuddy TweetsTests/Pods-PregBuddy TweetsTests-frameworks.sh\"\n";
			showEnvVarsInLog = 0;
		};
		F48D7A9ED2C2084D6C5A9296 /* [CP] Copy Pods Resources */ = {
			isa = PBXShellScriptBuildPhase;
			buildActionMask = 2147483647;
			files = (
			);
			inputPaths = (
			);
			name = "[CP] Copy Pods Resources";
			outputPaths = (
			);
			runOnlyForDeploymentPostprocessing = 0;
			shellPath = /bin/sh;
			shellScript = "\"${SRCROOT}/Pods/Target Support Files/Pods-PregBuddy TweetsUITests/Pods-PregBuddy TweetsUITests-resources.sh\"\n";
			showEnvVarsInLog = 0;
		};
/* End PBXShellScriptBuildPhase section */

/* Begin PBXSourcesBuildPhase section */
		5B197129204DCDF20068392F /* Sources */ = {
			isa = PBXSourcesBuildPhase;
			buildActionMask = 2147483647;
			files = (
				5B197162204DD1C90068392F /* BookmarkViewController.swift in Sources */,
				5B197178204E66C20068392F /* TweetPredicates.swift in Sources */,
				5BCBEF7C204EAAC000533D9C /* Utilities.swift in Sources */,
				5B197139204DCDF20068392F /* PregBuddy_Tweets.xcdatamodeld in Sources */,
				5B19716B204DD9C30068392F /* Network.swift in Sources */,
				5B197164204DD5410068392F /* TweetCell.swift in Sources */,
				5BCBEF7A204EAA8500533D9C /* TweetSortDescriptors.swift in Sources */,
				5B197133204DCDF20068392F /* ViewController.swift in Sources */,
				5B197176204E5D230068392F /* TweetDataProvider.swift in Sources */,
				5B197168204DD8030068392F /* Tweet + CoreDataProperties.swift in Sources */,
				5B197131204DCDF20068392F /* AppDelegate.swift in Sources */,
				5B197166204DD7ED0068392F /* Tweet + CoreDataClass.swift in Sources */,
				5B19716D204DEA400068392F /* CoredataStack.swift in Sources */,
				5B197171204DEE2C0068392F /* NetworkReachability.swift in Sources */,
			);
			runOnlyForDeploymentPostprocessing = 0;
		};
		5B197140204DCDF20068392F /* Sources */ = {
			isa = PBXSourcesBuildPhase;
			buildActionMask = 2147483647;
			files = (
				5B197149204DCDF20068392F /* PregBuddy_TweetsTests.swift in Sources */,
			);
			runOnlyForDeploymentPostprocessing = 0;
		};
		5B19714B204DCDF20068392F /* Sources */ = {
			isa = PBXSourcesBuildPhase;
			buildActionMask = 2147483647;
			files = (
				5B197154204DCDF20068392F /* PregBuddy_TweetsUITests.swift in Sources */,
				5B6CD4C2204EB0F800EA5169 /* XCUIApplication+Bookmark.swift in Sources */,
				5B6CD4C0204EB0E100EA5169 /* XCUIApplication+Tweet.swift in Sources */,
			);
			runOnlyForDeploymentPostprocessing = 0;
		};
/* End PBXSourcesBuildPhase section */

/* Begin PBXTargetDependency section */
		5B197146204DCDF20068392F /* PBXTargetDependency */ = {
			isa = PBXTargetDependency;
			target = 5B19712C204DCDF20068392F /* PregBuddy Tweets */;
			targetProxy = 5B197145204DCDF20068392F /* PBXContainerItemProxy */;
		};
		5B197151204DCDF20068392F /* PBXTargetDependency */ = {
			isa = PBXTargetDependency;
			target = 5B19712C204DCDF20068392F /* PregBuddy Tweets */;
			targetProxy = 5B197150204DCDF20068392F /* PBXContainerItemProxy */;
		};
/* End PBXTargetDependency section */

/* Begin PBXVariantGroup section */
		5B197134204DCDF20068392F /* Main.storyboard */ = {
			isa = PBXVariantGroup;
			children = (
				5B197135204DCDF20068392F /* Base */,
			);
			name = Main.storyboard;
			sourceTree = "<group>";
		};
		5B19713C204DCDF20068392F /* LaunchScreen.storyboard */ = {
			isa = PBXVariantGroup;
			children = (
				5B19713D204DCDF20068392F /* Base */,
			);
			name = LaunchScreen.storyboard;
			sourceTree = "<group>";
		};
/* End PBXVariantGroup section */

/* Begin XCBuildConfiguration section */
		5B197156204DCDF20068392F /* Debug */ = {
			isa = XCBuildConfiguration;
			buildSettings = {
				ALWAYS_SEARCH_USER_PATHS = NO;
				CLANG_ANALYZER_NONNULL = YES;
				CLANG_ANALYZER_NUMBER_OBJECT_CONVERSION = YES_AGGRESSIVE;
				CLANG_CXX_LANGUAGE_STANDARD = "gnu++14";
				CLANG_CXX_LIBRARY = "libc++";
				CLANG_ENABLE_MODULES = YES;
				CLANG_ENABLE_OBJC_ARC = YES;
				CLANG_WARN_BLOCK_CAPTURE_AUTORELEASING = YES;
				CLANG_WARN_BOOL_CONVERSION = YES;
				CLANG_WARN_COMMA = YES;
				CLANG_WARN_CONSTANT_CONVERSION = YES;
				CLANG_WARN_DIRECT_OBJC_ISA_USAGE = YES_ERROR;
				CLANG_WARN_DOCUMENTATION_COMMENTS = YES;
				CLANG_WARN_EMPTY_BODY = YES;
				CLANG_WARN_ENUM_CONVERSION = YES;
				CLANG_WARN_INFINITE_RECURSION = YES;
				CLANG_WARN_INT_CONVERSION = YES;
				CLANG_WARN_NON_LITERAL_NULL_CONVERSION = YES;
				CLANG_WARN_OBJC_LITERAL_CONVERSION = YES;
				CLANG_WARN_OBJC_ROOT_CLASS = YES_ERROR;
				CLANG_WARN_RANGE_LOOP_ANALYSIS = YES;
				CLANG_WARN_STRICT_PROTOTYPES = YES;
				CLANG_WARN_SUSPICIOUS_MOVE = YES;
				CLANG_WARN_UNGUARDED_AVAILABILITY = YES_AGGRESSIVE;
				CLANG_WARN_UNREACHABLE_CODE = YES;
				CLANG_WARN__DUPLICATE_METHOD_MATCH = YES;
				CODE_SIGN_IDENTITY = "iPhone Developer";
				COPY_PHASE_STRIP = NO;
				DEBUG_INFORMATION_FORMAT = dwarf;
				ENABLE_STRICT_OBJC_MSGSEND = YES;
				ENABLE_TESTABILITY = YES;
				GCC_C_LANGUAGE_STANDARD = gnu11;
				GCC_DYNAMIC_NO_PIC = NO;
				GCC_NO_COMMON_BLOCKS = YES;
				GCC_OPTIMIZATION_LEVEL = 0;
				GCC_PREPROCESSOR_DEFINITIONS = (
					"DEBUG=1",
					"$(inherited)",
				);
				GCC_WARN_64_TO_32_BIT_CONVERSION = YES;
				GCC_WARN_ABOUT_RETURN_TYPE = YES_ERROR;
				GCC_WARN_UNDECLARED_SELECTOR = YES;
				GCC_WARN_UNINITIALIZED_AUTOS = YES_AGGRESSIVE;
				GCC_WARN_UNUSED_FUNCTION = YES;
				GCC_WARN_UNUSED_VARIABLE = YES;
				IPHONEOS_DEPLOYMENT_TARGET = 11.2;
				MTL_ENABLE_DEBUG_INFO = YES;
				ONLY_ACTIVE_ARCH = YES;
				SDKROOT = iphoneos;
				SWIFT_ACTIVE_COMPILATION_CONDITIONS = DEBUG;
				SWIFT_OPTIMIZATION_LEVEL = "-Onone";
			};
			name = Debug;
		};
		5B197157204DCDF20068392F /* Release */ = {
			isa = XCBuildConfiguration;
			buildSettings = {
				ALWAYS_SEARCH_USER_PATHS = NO;
				CLANG_ANALYZER_NONNULL = YES;
				CLANG_ANALYZER_NUMBER_OBJECT_CONVERSION = YES_AGGRESSIVE;
				CLANG_CXX_LANGUAGE_STANDARD = "gnu++14";
				CLANG_CXX_LIBRARY = "libc++";
				CLANG_ENABLE_MODULES = YES;
				CLANG_ENABLE_OBJC_ARC = YES;
				CLANG_WARN_BLOCK_CAPTURE_AUTORELEASING = YES;
				CLANG_WARN_BOOL_CONVERSION = YES;
				CLANG_WARN_COMMA = YES;
				CLANG_WARN_CONSTANT_CONVERSION = YES;
				CLANG_WARN_DIRECT_OBJC_ISA_USAGE = YES_ERROR;
				CLANG_WARN_DOCUMENTATION_COMMENTS = YES;
				CLANG_WARN_EMPTY_BODY = YES;
				CLANG_WARN_ENUM_CONVERSION = YES;
				CLANG_WARN_INFINITE_RECURSION = YES;
				CLANG_WARN_INT_CONVERSION = YES;
				CLANG_WARN_NON_LITERAL_NULL_CONVERSION = YES;
				CLANG_WARN_OBJC_LITERAL_CONVERSION = YES;
				CLANG_WARN_OBJC_ROOT_CLASS = YES_ERROR;
				CLANG_WARN_RANGE_LOOP_ANALYSIS = YES;
				CLANG_WARN_STRICT_PROTOTYPES = YES;
				CLANG_WARN_SUSPICIOUS_MOVE = YES;
				CLANG_WARN_UNGUARDED_AVAILABILITY = YES_AGGRESSIVE;
				CLANG_WARN_UNREACHABLE_CODE = YES;
				CLANG_WARN__DUPLICATE_METHOD_MATCH = YES;
				CODE_SIGN_IDENTITY = "iPhone Developer";
				COPY_PHASE_STRIP = NO;
				DEBUG_INFORMATION_FORMAT = "dwarf-with-dsym";
				ENABLE_NS_ASSERTIONS = NO;
				ENABLE_STRICT_OBJC_MSGSEND = YES;
				GCC_C_LANGUAGE_STANDARD = gnu11;
				GCC_NO_COMMON_BLOCKS = YES;
				GCC_WARN_64_TO_32_BIT_CONVERSION = YES;
				GCC_WARN_ABOUT_RETURN_TYPE = YES_ERROR;
				GCC_WARN_UNDECLARED_SELECTOR = YES;
				GCC_WARN_UNINITIALIZED_AUTOS = YES_AGGRESSIVE;
				GCC_WARN_UNUSED_FUNCTION = YES;
				GCC_WARN_UNUSED_VARIABLE = YES;
				IPHONEOS_DEPLOYMENT_TARGET = 11.2;
				MTL_ENABLE_DEBUG_INFO = NO;
				SDKROOT = iphoneos;
				SWIFT_OPTIMIZATION_LEVEL = "-Owholemodule";
				VALIDATE_PRODUCT = YES;
			};
			name = Release;
		};
		5B197159204DCDF20068392F /* Debug */ = {
			isa = XCBuildConfiguration;
			baseConfigurationReference = 702EBA55592D12169ED68101 /* Pods-PregBuddy Tweets.debug.xcconfig */;
			buildSettings = {
				ASSETCATALOG_COMPILER_APPICON_NAME = AppIcon;
				CODE_SIGN_STYLE = Automatic;
				DEVELOPMENT_TEAM = E3JNAB32PR;
				INFOPLIST_FILE = "PregBuddy Tweets/Info.plist";
				LD_RUNPATH_SEARCH_PATHS = "$(inherited) @executable_path/Frameworks";
				PRODUCT_BUNDLE_IDENTIFIER = "ashiq.PregBuddy-Tweets";
				PRODUCT_NAME = "$(TARGET_NAME)";
				SWIFT_VERSION = 4.0;
				TARGETED_DEVICE_FAMILY = "1,2";
			};
			name = Debug;
		};
		5B19715A204DCDF20068392F /* Release */ = {
			isa = XCBuildConfiguration;
			baseConfigurationReference = FFE04B98475B3FF138487C78 /* Pods-PregBuddy Tweets.release.xcconfig */;
			buildSettings = {
				ASSETCATALOG_COMPILER_APPICON_NAME = AppIcon;
				CODE_SIGN_STYLE = Automatic;
				DEVELOPMENT_TEAM = E3JNAB32PR;
				INFOPLIST_FILE = "PregBuddy Tweets/Info.plist";
				LD_RUNPATH_SEARCH_PATHS = "$(inherited) @executable_path/Frameworks";
				PRODUCT_BUNDLE_IDENTIFIER = "ashiq.PregBuddy-Tweets";
				PRODUCT_NAME = "$(TARGET_NAME)";
				SWIFT_VERSION = 4.0;
				TARGETED_DEVICE_FAMILY = "1,2";
			};
			name = Release;
		};
		5B19715C204DCDF20068392F /* Debug */ = {
			isa = XCBuildConfiguration;
			baseConfigurationReference = 3C0EC2F8A29C2628037A6343 /* Pods-PregBuddy TweetsTests.debug.xcconfig */;
			buildSettings = {
				ALWAYS_EMBED_SWIFT_STANDARD_LIBRARIES = YES;
				BUNDLE_LOADER = "$(TEST_HOST)";
				CODE_SIGN_STYLE = Automatic;
				DEVELOPMENT_TEAM = E3JNAB32PR;
				INFOPLIST_FILE = "PregBuddy TweetsTests/Info.plist";
				LD_RUNPATH_SEARCH_PATHS = "$(inherited) @executable_path/Frameworks @loader_path/Frameworks";
				PRODUCT_BUNDLE_IDENTIFIER = "ashiq.PregBuddy-TweetsTests";
				PRODUCT_NAME = "$(TARGET_NAME)";
				SWIFT_VERSION = 4.0;
				TARGETED_DEVICE_FAMILY = "1,2";
				TEST_HOST = "$(BUILT_PRODUCTS_DIR)/PregBuddy Tweets.app/PregBuddy Tweets";
			};
			name = Debug;
		};
		5B19715D204DCDF20068392F /* Release */ = {
			isa = XCBuildConfiguration;
			baseConfigurationReference = 8C9FE7128EAED93BF4E893E2 /* Pods-PregBuddy TweetsTests.release.xcconfig */;
			buildSettings = {
				ALWAYS_EMBED_SWIFT_STANDARD_LIBRARIES = YES;
				BUNDLE_LOADER = "$(TEST_HOST)";
				CODE_SIGN_STYLE = Automatic;
				DEVELOPMENT_TEAM = E3JNAB32PR;
				INFOPLIST_FILE = "PregBuddy TweetsTests/Info.plist";
				LD_RUNPATH_SEARCH_PATHS = "$(inherited) @executable_path/Frameworks @loader_path/Frameworks";
				PRODUCT_BUNDLE_IDENTIFIER = "ashiq.PregBuddy-TweetsTests";
				PRODUCT_NAME = "$(TARGET_NAME)";
				SWIFT_VERSION = 4.0;
				TARGETED_DEVICE_FAMILY = "1,2";
				TEST_HOST = "$(BUILT_PRODUCTS_DIR)/PregBuddy Tweets.app/PregBuddy Tweets";
			};
			name = Release;
		};
		5B19715F204DCDF20068392F /* Debug */ = {
			isa = XCBuildConfiguration;
			baseConfigurationReference = 2FB60B52CC2A78F6AE434258 /* Pods-PregBuddy TweetsUITests.debug.xcconfig */;
			buildSettings = {
				ALWAYS_EMBED_SWIFT_STANDARD_LIBRARIES = YES;
				CODE_SIGN_STYLE = Automatic;
				DEVELOPMENT_TEAM = E3JNAB32PR;
				INFOPLIST_FILE = "PregBuddy TweetsUITests/Info.plist";
				LD_RUNPATH_SEARCH_PATHS = "$(inherited) @executable_path/Frameworks @loader_path/Frameworks";
				PRODUCT_BUNDLE_IDENTIFIER = "ashiq.PregBuddy-TweetsUITests";
				PRODUCT_NAME = "$(TARGET_NAME)";
				SWIFT_VERSION = 4.0;
				TARGETED_DEVICE_FAMILY = "1,2";
				TEST_TARGET_NAME = "PregBuddy Tweets";
			};
			name = Debug;
		};
		5B197160204DCDF20068392F /* Release */ = {
			isa = XCBuildConfiguration;
			baseConfigurationReference = D2475ABE1C9E4E94B698F68E /* Pods-PregBuddy TweetsUITests.release.xcconfig */;
			buildSettings = {
				ALWAYS_EMBED_SWIFT_STANDARD_LIBRARIES = YES;
				CODE_SIGN_STYLE = Automatic;
				DEVELOPMENT_TEAM = E3JNAB32PR;
				INFOPLIST_FILE = "PregBuddy TweetsUITests/Info.plist";
				LD_RUNPATH_SEARCH_PATHS = "$(inherited) @executable_path/Frameworks @loader_path/Frameworks";
				PRODUCT_BUNDLE_IDENTIFIER = "ashiq.PregBuddy-TweetsUITests";
				PRODUCT_NAME = "$(TARGET_NAME)";
				SWIFT_VERSION = 4.0;
				TARGETED_DEVICE_FAMILY = "1,2";
				TEST_TARGET_NAME = "PregBuddy Tweets";
			};
			name = Release;
		};
/* End XCBuildConfiguration section */

/* Begin XCConfigurationList section */
		5B197128204DCDF20068392F /* Build configuration list for PBXProject "PregBuddy Tweets" */ = {
			isa = XCConfigurationList;
			buildConfigurations = (
				5B197156204DCDF20068392F /* Debug */,
				5B197157204DCDF20068392F /* Release */,
			);
			defaultConfigurationIsVisible = 0;
			defaultConfigurationName = Release;
		};
		5B197158204DCDF20068392F /* Build configuration list for PBXNativeTarget "PregBuddy Tweets" */ = {
			isa = XCConfigurationList;
			buildConfigurations = (
				5B197159204DCDF20068392F /* Debug */,
				5B19715A204DCDF20068392F /* Release */,
			);
			defaultConfigurationIsVisible = 0;
			defaultConfigurationName = Release;
		};
		5B19715B204DCDF20068392F /* Build configuration list for PBXNativeTarget "PregBuddy TweetsTests" */ = {
			isa = XCConfigurationList;
			buildConfigurations = (
				5B19715C204DCDF20068392F /* Debug */,
				5B19715D204DCDF20068392F /* Release */,
			);
			defaultConfigurationIsVisible = 0;
			defaultConfigurationName = Release;
		};
		5B19715E204DCDF20068392F /* Build configuration list for PBXNativeTarget "PregBuddy TweetsUITests" */ = {
			isa = XCConfigurationList;
			buildConfigurations = (
				5B19715F204DCDF20068392F /* Debug */,
				5B197160204DCDF20068392F /* Release */,
			);
			defaultConfigurationIsVisible = 0;
			defaultConfigurationName = Release;
		};
/* End XCConfigurationList section */

/* Begin XCVersionGroup section */
		5B197137204DCDF20068392F /* PregBuddy_Tweets.xcdatamodeld */ = {
			isa = XCVersionGroup;
			children = (
				5B197138204DCDF20068392F /* PregBuddy_Tweets.xcdatamodel */,
			);
			currentVersion = 5B197138204DCDF20068392F /* PregBuddy_Tweets.xcdatamodel */;
			path = PregBuddy_Tweets.xcdatamodeld;
			sourceTree = "<group>";
			versionGroupType = wrapper.xcdatamodel;
		};
/* End XCVersionGroup section */
	};
	rootObject = 5B197125204DCDF20068392F /* Project object */;
}
